// !$*UTF8*$!
{
	archiveVersion = 1;
	classes = {
	};
	objectVersion = 50;
	objects = {

/* Begin PBXBuildFile section */
		B606EFC524CEDFFF0014E525 /* PlayerView.swift in Sources */ = {isa = PBXBuildFile; fileRef = B606EFC424CEDFFF0014E525 /* PlayerView.swift */; };
		B606EFC824CEF3060014E525 /* MiniView.swift in Sources */ = {isa = PBXBuildFile; fileRef = B606EFC724CEF3060014E525 /* MiniView.swift */; };
		B606EFCD24CF222D0014E525 /* ListComponentView.swift in Sources */ = {isa = PBXBuildFile; fileRef = B606EFCC24CF222D0014E525 /* ListComponentView.swift */; };
		B606EFCF24CF2BFA0014E525 /* MusaView.swift in Sources */ = {isa = PBXBuildFile; fileRef = B606EFCE24CF2BFA0014E525 /* MusaView.swift */; };
		B606EFD124CF30740014E525 /* MapView.swift in Sources */ = {isa = PBXBuildFile; fileRef = B606EFD024CF30740014E525 /* MapView.swift */; };
		B6AEA38324C5E0B800776B48 /* MusaApp.swift in Sources */ = {isa = PBXBuildFile; fileRef = B6AEA37024C5E0B700776B48 /* MusaApp.swift */; };
		B6AEA38424C5E0B800776B48 /* MusaApp.swift in Sources */ = {isa = PBXBuildFile; fileRef = B6AEA37024C5E0B700776B48 /* MusaApp.swift */; };
		B6AEA38524C5E0B800776B48 /* MainView.swift in Sources */ = {isa = PBXBuildFile; fileRef = B6AEA37124C5E0B700776B48 /* MainView.swift */; };
		B6AEA38624C5E0B800776B48 /* MainView.swift in Sources */ = {isa = PBXBuildFile; fileRef = B6AEA37124C5E0B700776B48 /* MainView.swift */; };
		B6AEA38724C5E0B800776B48 /* Assets.xcassets in Resources */ = {isa = PBXBuildFile; fileRef = B6AEA37224C5E0B800776B48 /* Assets.xcassets */; };
		B6AEA38824C5E0B800776B48 /* Assets.xcassets in Resources */ = {isa = PBXBuildFile; fileRef = B6AEA37224C5E0B800776B48 /* Assets.xcassets */; };
		B6AEA39324C5E3BD00776B48 /* ReusableView.swift in Sources */ = {isa = PBXBuildFile; fileRef = B6AEA39224C5E3BD00776B48 /* ReusableView.swift */; };
/* End PBXBuildFile section */

/* Begin PBXFileReference section */
		B606EFC424CEDFFF0014E525 /* PlayerView.swift */ = {isa = PBXFileReference; lastKnownFileType = sourcecode.swift; path = PlayerView.swift; sourceTree = "<group>"; };
		B606EFC724CEF3060014E525 /* MiniView.swift */ = {isa = PBXFileReference; lastKnownFileType = sourcecode.swift; path = MiniView.swift; sourceTree = "<group>"; };
		B606EFCC24CF222D0014E525 /* ListComponentView.swift */ = {isa = PBXFileReference; lastKnownFileType = sourcecode.swift; path = ListComponentView.swift; sourceTree = "<group>"; };
		B606EFCE24CF2BFA0014E525 /* MusaView.swift */ = {isa = PBXFileReference; lastKnownFileType = sourcecode.swift; path = MusaView.swift; sourceTree = "<group>"; };
		B606EFD024CF30740014E525 /* MapView.swift */ = {isa = PBXFileReference; lastKnownFileType = sourcecode.swift; path = MapView.swift; sourceTree = "<group>"; };
		B6AEA37024C5E0B700776B48 /* MusaApp.swift */ = {isa = PBXFileReference; lastKnownFileType = sourcecode.swift; path = MusaApp.swift; sourceTree = "<group>"; };
		B6AEA37124C5E0B700776B48 /* MainView.swift */ = {isa = PBXFileReference; lastKnownFileType = sourcecode.swift; path = MainView.swift; sourceTree = "<group>"; };
		B6AEA37224C5E0B800776B48 /* Assets.xcassets */ = {isa = PBXFileReference; lastKnownFileType = folder.assetcatalog; path = Assets.xcassets; sourceTree = "<group>"; };
		B6AEA37724C5E0B800776B48 /* Musa.app */ = {isa = PBXFileReference; explicitFileType = wrapper.application; includeInIndex = 0; path = Musa.app; sourceTree = BUILT_PRODUCTS_DIR; };
		B6AEA37A24C5E0B800776B48 /* Info.plist */ = {isa = PBXFileReference; lastKnownFileType = text.plist.xml; path = Info.plist; sourceTree = "<group>"; };
		B6AEA37F24C5E0B800776B48 /* Musa.app */ = {isa = PBXFileReference; explicitFileType = wrapper.application; includeInIndex = 0; path = Musa.app; sourceTree = BUILT_PRODUCTS_DIR; };
		B6AEA38124C5E0B800776B48 /* Info.plist */ = {isa = PBXFileReference; lastKnownFileType = text.plist.xml; path = Info.plist; sourceTree = "<group>"; };
		B6AEA38224C5E0B800776B48 /* macOS.entitlements */ = {isa = PBXFileReference; lastKnownFileType = text.plist.entitlements; path = macOS.entitlements; sourceTree = "<group>"; };
		B6AEA39224C5E3BD00776B48 /* ReusableView.swift */ = {isa = PBXFileReference; lastKnownFileType = sourcecode.swift; path = ReusableView.swift; sourceTree = "<group>"; };
/* End PBXFileReference section */

/* Begin PBXFrameworksBuildPhase section */
		B6AEA37424C5E0B800776B48 /* Frameworks */ = {
			isa = PBXFrameworksBuildPhase;
			buildActionMask = 2147483647;
			files = (
			);
			runOnlyForDeploymentPostprocessing = 0;
		};
		B6AEA37C24C5E0B800776B48 /* Frameworks */ = {
			isa = PBXFrameworksBuildPhase;
			buildActionMask = 2147483647;
			files = (
			);
			runOnlyForDeploymentPostprocessing = 0;
		};
/* End PBXFrameworksBuildPhase section */

/* Begin PBXGroup section */
		B6AEA36A24C5E0B700776B48 = {
			isa = PBXGroup;
			children = (
				B6AEA36F24C5E0B700776B48 /* Shared */,
				B6AEA37924C5E0B800776B48 /* iOS */,
				B6AEA38024C5E0B800776B48 /* macOS */,
				B6AEA37824C5E0B800776B48 /* Products */,
				B6AEA39624C5F1A000776B48 /* Frameworks */,
			);
			sourceTree = "<group>";
		};
		B6AEA36F24C5E0B700776B48 /* Shared */ = {
			isa = PBXGroup;
			children = (
				B6AEA37024C5E0B700776B48 /* MusaApp.swift */,
				B6AEA37124C5E0B700776B48 /* MainView.swift */,
				B6AEA37224C5E0B800776B48 /* Assets.xcassets */,
			);
			path = Shared;
			sourceTree = "<group>";
		};
		B6AEA37824C5E0B800776B48 /* Products */ = {
			isa = PBXGroup;
			children = (
				B6AEA37724C5E0B800776B48 /* Musa.app */,
				B6AEA37F24C5E0B800776B48 /* Musa.app */,
			);
			name = Products;
			sourceTree = "<group>";
		};
		B6AEA37924C5E0B800776B48 /* iOS */ = {
			isa = PBXGroup;
			children = (
				B6AEA39124C5E32900776B48 /* Views */,
				B6AEA37A24C5E0B800776B48 /* Info.plist */,
			);
			path = iOS;
			sourceTree = "<group>";
		};
		B6AEA38024C5E0B800776B48 /* macOS */ = {
			isa = PBXGroup;
			children = (
				B6AEA38124C5E0B800776B48 /* Info.plist */,
				B6AEA38224C5E0B800776B48 /* macOS.entitlements */,
			);
			path = macOS;
			sourceTree = "<group>";
		};
		B6AEA39124C5E32900776B48 /* Views */ = {
			isa = PBXGroup;
			children = (
				B6AEA39224C5E3BD00776B48 /* ReusableView.swift */,
				B606EFC424CEDFFF0014E525 /* PlayerView.swift */,
				B606EFC724CEF3060014E525 /* MiniView.swift */,
				B606EFCC24CF222D0014E525 /* ListComponentView.swift */,
				B606EFCE24CF2BFA0014E525 /* MusaView.swift */,
				B606EFD024CF30740014E525 /* MapView.swift */,
			);
			path = Views;
			sourceTree = "<group>";
		};
		B6AEA39624C5F1A000776B48 /* Frameworks */ = {
			isa = PBXGroup;
			children = (
			);
			name = Frameworks;
			sourceTree = "<group>";
		};
/* End PBXGroup section */

/* Begin PBXNativeTarget section */
		B6AEA37624C5E0B800776B48 /* iOS */ = {
			isa = PBXNativeTarget;
			buildConfigurationList = B6AEA38B24C5E0B800776B48 /* Build configuration list for PBXNativeTarget "iOS" */;
			buildPhases = (
				B6AEA37324C5E0B800776B48 /* Sources */,
				B6AEA37424C5E0B800776B48 /* Frameworks */,
				B6AEA37524C5E0B800776B48 /* Resources */,
			);
			buildRules = (
			);
			dependencies = (
			);
			name = iOS;
			productName = iOS;
			productReference = B6AEA37724C5E0B800776B48 /* Musa.app */;
			productType = "com.apple.product-type.application";
		};
		B6AEA37E24C5E0B800776B48 /* macOS */ = {
			isa = PBXNativeTarget;
			buildConfigurationList = B6AEA38E24C5E0B800776B48 /* Build configuration list for PBXNativeTarget "macOS" */;
			buildPhases = (
				B6AEA37B24C5E0B800776B48 /* Sources */,
				B6AEA37C24C5E0B800776B48 /* Frameworks */,
				B6AEA37D24C5E0B800776B48 /* Resources */,
			);
			buildRules = (
			);
			dependencies = (
			);
			name = macOS;
			productName = macOS;
			productReference = B6AEA37F24C5E0B800776B48 /* Musa.app */;
			productType = "com.apple.product-type.application";
		};
/* End PBXNativeTarget section */

/* Begin PBXProject section */
		B6AEA36B24C5E0B700776B48 /* Project object */ = {
			isa = PBXProject;
			attributes = {
				LastSwiftUpdateCheck = 1200;
				LastUpgradeCheck = 1200;
				TargetAttributes = {
					B6AEA37624C5E0B800776B48 = {
						CreatedOnToolsVersion = 12.0;
					};
					B6AEA37E24C5E0B800776B48 = {
						CreatedOnToolsVersion = 12.0;
					};
				};
			};
			buildConfigurationList = B6AEA36E24C5E0B700776B48 /* Build configuration list for PBXProject "Musa" */;
			compatibilityVersion = "Xcode 9.3";
			developmentRegion = en;
			hasScannedForEncodings = 0;
			knownRegions = (
				en,
				Base,
			);
			mainGroup = B6AEA36A24C5E0B700776B48;
			productRefGroup = B6AEA37824C5E0B800776B48 /* Products */;
			projectDirPath = "";
			projectRoot = "";
			targets = (
				B6AEA37624C5E0B800776B48 /* iOS */,
				B6AEA37E24C5E0B800776B48 /* macOS */,
			);
		};
/* End PBXProject section */

/* Begin PBXResourcesBuildPhase section */
		B6AEA37524C5E0B800776B48 /* Resources */ = {
			isa = PBXResourcesBuildPhase;
			buildActionMask = 2147483647;
			files = (
				B6AEA38724C5E0B800776B48 /* Assets.xcassets in Resources */,
			);
			runOnlyForDeploymentPostprocessing = 0;
		};
		B6AEA37D24C5E0B800776B48 /* Resources */ = {
			isa = PBXResourcesBuildPhase;
			buildActionMask = 2147483647;
			files = (
				B6AEA38824C5E0B800776B48 /* Assets.xcassets in Resources */,
			);
			runOnlyForDeploymentPostprocessing = 0;
		};
/* End PBXResourcesBuildPhase section */

/* Begin PBXSourcesBuildPhase section */
		B6AEA37324C5E0B800776B48 /* Sources */ = {
			isa = PBXSourcesBuildPhase;
			buildActionMask = 2147483647;
			files = (
				B606EFCF24CF2BFA0014E525 /* MusaView.swift in Sources */,
				B606EFD124CF30740014E525 /* MapView.swift in Sources */,
				B606EFC824CEF3060014E525 /* MiniView.swift in Sources */,
				B6AEA39324C5E3BD00776B48 /* ReusableView.swift in Sources */,
				B6AEA38524C5E0B800776B48 /* MainView.swift in Sources */,
				B6AEA38324C5E0B800776B48 /* MusaApp.swift in Sources */,
				B606EFCD24CF222D0014E525 /* ListComponentView.swift in Sources */,
				B606EFC524CEDFFF0014E525 /* PlayerView.swift in Sources */,
			);
			runOnlyForDeploymentPostprocessing = 0;
		};
		B6AEA37B24C5E0B800776B48 /* Sources */ = {
			isa = PBXSourcesBuildPhase;
			buildActionMask = 2147483647;
			files = (
				B6AEA38624C5E0B800776B48 /* MainView.swift in Sources */,
				B6AEA38424C5E0B800776B48 /* MusaApp.swift in Sources */,
			);
			runOnlyForDeploymentPostprocessing = 0;
		};
/* End PBXSourcesBuildPhase section */

/* Begin XCBuildConfiguration section */
		B6AEA38924C5E0B800776B48 /* Debug */ = {
			isa = XCBuildConfiguration;
			buildSettings = {
				ALWAYS_SEARCH_USER_PATHS = NO;
				CLANG_ANALYZER_NONNULL = YES;
				CLANG_ANALYZER_NUMBER_OBJECT_CONVERSION = YES_AGGRESSIVE;
				CLANG_CXX_LANGUAGE_STANDARD = "gnu++14";
				CLANG_CXX_LIBRARY = "libc++";
				CLANG_ENABLE_MODULES = YES;
				CLANG_ENABLE_OBJC_ARC = YES;
				CLANG_ENABLE_OBJC_WEAK = YES;
				CLANG_WARN_BLOCK_CAPTURE_AUTORELEASING = YES;
				CLANG_WARN_BOOL_CONVERSION = YES;
				CLANG_WARN_COMMA = YES;
				CLANG_WARN_CONSTANT_CONVERSION = YES;
				CLANG_WARN_DEPRECATED_OBJC_IMPLEMENTATIONS = YES;
				CLANG_WARN_DIRECT_OBJC_ISA_USAGE = YES_ERROR;
				CLANG_WARN_DOCUMENTATION_COMMENTS = YES;
				CLANG_WARN_EMPTY_BODY = YES;
				CLANG_WARN_ENUM_CONVERSION = YES;
				CLANG_WARN_INFINITE_RECURSION = YES;
				CLANG_WARN_INT_CONVERSION = YES;
				CLANG_WARN_NON_LITERAL_NULL_CONVERSION = YES;
				CLANG_WARN_OBJC_IMPLICIT_RETAIN_SELF = YES;
				CLANG_WARN_OBJC_LITERAL_CONVERSION = YES;
				CLANG_WARN_OBJC_ROOT_CLASS = YES_ERROR;
				CLANG_WARN_QUOTED_INCLUDE_IN_FRAMEWORK_HEADER = YES;
				CLANG_WARN_RANGE_LOOP_ANALYSIS = YES;
				CLANG_WARN_STRICT_PROTOTYPES = YES;
				CLANG_WARN_SUSPICIOUS_MOVE = YES;
				CLANG_WARN_UNGUARDED_AVAILABILITY = YES_AGGRESSIVE;
				CLANG_WARN_UNREACHABLE_CODE = YES;
				CLANG_WARN__DUPLICATE_METHOD_MATCH = YES;
				COPY_PHASE_STRIP = NO;
				DEBUG_INFORMATION_FORMAT = dwarf;
				ENABLE_STRICT_OBJC_MSGSEND = YES;
				ENABLE_TESTABILITY = YES;
				GCC_C_LANGUAGE_STANDARD = gnu11;
				GCC_DYNAMIC_NO_PIC = NO;
				GCC_NO_COMMON_BLOCKS = YES;
				GCC_OPTIMIZATION_LEVEL = 0;
				GCC_PREPROCESSOR_DEFINITIONS = (
					"DEBUG=1",
					"$(inherited)",
				);
				GCC_WARN_64_TO_32_BIT_CONVERSION = YES;
				GCC_WARN_ABOUT_RETURN_TYPE = YES_ERROR;
				GCC_WARN_UNDECLARED_SELECTOR = YES;
				GCC_WARN_UNINITIALIZED_AUTOS = YES_AGGRESSIVE;
				GCC_WARN_UNUSED_FUNCTION = YES;
				GCC_WARN_UNUSED_VARIABLE = YES;
				MTL_ENABLE_DEBUG_INFO = INCLUDE_SOURCE;
				MTL_FAST_MATH = YES;
				ONLY_ACTIVE_ARCH = YES;
				SWIFT_ACTIVE_COMPILATION_CONDITIONS = DEBUG;
				SWIFT_OPTIMIZATION_LEVEL = "-Onone";
			};
			name = Debug;
		};
		B6AEA38A24C5E0B800776B48 /* Release */ = {
			isa = XCBuildConfiguration;
			buildSettings = {
				ALWAYS_SEARCH_USER_PATHS = NO;
				CLANG_ANALYZER_NONNULL = YES;
				CLANG_ANALYZER_NUMBER_OBJECT_CONVERSION = YES_AGGRESSIVE;
				CLANG_CXX_LANGUAGE_STANDARD = "gnu++14";
				CLANG_CXX_LIBRARY = "libc++";
				CLANG_ENABLE_MODULES = YES;
				CLANG_ENABLE_OBJC_ARC = YES;
				CLANG_ENABLE_OBJC_WEAK = YES;
				CLANG_WARN_BLOCK_CAPTURE_AUTORELEASING = YES;
				CLANG_WARN_BOOL_CONVERSION = YES;
				CLANG_WARN_COMMA = YES;
				CLANG_WARN_CONSTANT_CONVERSION = YES;
				CLANG_WARN_DEPRECATED_OBJC_IMPLEMENTATIONS = YES;
				CLANG_WARN_DIRECT_OBJC_ISA_USAGE = YES_ERROR;
				CLANG_WARN_DOCUMENTATION_COMMENTS = YES;
				CLANG_WARN_EMPTY_BODY = YES;
				CLANG_WARN_ENUM_CONVERSION = YES;
				CLANG_WARN_INFINITE_RECURSION = YES;
				CLANG_WARN_INT_CONVERSION = YES;
				CLANG_WARN_NON_LITERAL_NULL_CONVERSION = YES;
				CLANG_WARN_OBJC_IMPLICIT_RETAIN_SELF = YES;
				CLANG_WARN_OBJC_LITERAL_CONVERSION = YES;
				CLANG_WARN_OBJC_ROOT_CLASS = YES_ERROR;
				CLANG_WARN_QUOTED_INCLUDE_IN_FRAMEWORK_HEADER = YES;
				CLANG_WARN_RANGE_LOOP_ANALYSIS = YES;
				CLANG_WARN_STRICT_PROTOTYPES = YES;
				CLANG_WARN_SUSPICIOUS_MOVE = YES;
				CLANG_WARN_UNGUARDED_AVAILABILITY = YES_AGGRESSIVE;
				CLANG_WARN_UNREACHABLE_CODE = YES;
				CLANG_WARN__DUPLICATE_METHOD_MATCH = YES;
				COPY_PHASE_STRIP = NO;
				DEBUG_INFORMATION_FORMAT = "dwarf-with-dsym";
				ENABLE_NS_ASSERTIONS = NO;
				ENABLE_STRICT_OBJC_MSGSEND = YES;
				GCC_C_LANGUAGE_STANDARD = gnu11;
				GCC_NO_COMMON_BLOCKS = YES;
				GCC_WARN_64_TO_32_BIT_CONVERSION = YES;
				GCC_WARN_ABOUT_RETURN_TYPE = YES_ERROR;
				GCC_WARN_UNDECLARED_SELECTOR = YES;
				GCC_WARN_UNINITIALIZED_AUTOS = YES_AGGRESSIVE;
				GCC_WARN_UNUSED_FUNCTION = YES;
				GCC_WARN_UNUSED_VARIABLE = YES;
				MTL_ENABLE_DEBUG_INFO = NO;
				MTL_FAST_MATH = YES;
				SWIFT_COMPILATION_MODE = wholemodule;
				SWIFT_OPTIMIZATION_LEVEL = "-O";
			};
			name = Release;
		};
		B6AEA38C24C5E0B800776B48 /* Debug */ = {
			isa = XCBuildConfiguration;
			buildSettings = {
				ASSETCATALOG_COMPILER_APPICON_NAME = AppIcon;
				ASSETCATALOG_COMPILER_GLOBAL_ACCENT_COLOR_NAME = AccentColor;
				CODE_SIGN_STYLE = Automatic;
				DEVELOPMENT_TEAM = CQ46EGSCJG;
				ENABLE_PREVIEWS = YES;
				INFOPLIST_FILE = iOS/Info.plist;
				IPHONEOS_DEPLOYMENT_TARGET = 14.0;
				LD_RUNPATH_SEARCH_PATHS = (
					"$(inherited)",
					"@executable_path/Frameworks",
				);
				PRODUCT_BUNDLE_IDENTIFIER = yuki.Musa;
				PRODUCT_NAME = Musa;
				SDKROOT = iphoneos;
				SWIFT_VERSION = 5.0;
				TARGETED_DEVICE_FAMILY = "1,2";
			};
			name = Debug;
		};
		B6AEA38D24C5E0B800776B48 /* Release */ = {
			isa = XCBuildConfiguration;
			buildSettings = {
				ASSETCATALOG_COMPILER_APPICON_NAME = AppIcon;
				ASSETCATALOG_COMPILER_GLOBAL_ACCENT_COLOR_NAME = AccentColor;
				CODE_SIGN_STYLE = Automatic;
				DEVELOPMENT_TEAM = CQ46EGSCJG;
				ENABLE_PREVIEWS = YES;
				INFOPLIST_FILE = iOS/Info.plist;
				IPHONEOS_DEPLOYMENT_TARGET = 14.0;
				LD_RUNPATH_SEARCH_PATHS = (
					"$(inherited)",
					"@executable_path/Frameworks",
				);
				PRODUCT_BUNDLE_IDENTIFIER = yuki.Musa;
				PRODUCT_NAME = Musa;
				SDKROOT = iphoneos;
				SWIFT_VERSION = 5.0;
				TARGETED_DEVICE_FAMILY = "1,2";
				VALIDATE_PRODUCT = YES;
			};
			name = Release;
		};
		B6AEA38F24C5E0B800776B48 /* Debug */ = {
			isa = XCBuildConfiguration;
			buildSettings = {
				ASSETCATALOG_COMPILER_APPICON_NAME = AppIcon;
				ASSETCATALOG_COMPILER_GLOBAL_ACCENT_COLOR_NAME = AccentColor;
				CODE_SIGN_ENTITLEMENTS = macOS/macOS.entitlements;
				CODE_SIGN_STYLE = Automatic;
				COMBINE_HIDPI_IMAGES = YES;
				ENABLE_PREVIEWS = YES;
				INFOPLIST_FILE = macOS/Info.plist;
				LD_RUNPATH_SEARCH_PATHS = (
					"$(inherited)",
					"@executable_path/../Frameworks",
				);
				MACOSX_DEPLOYMENT_TARGET = 10.16;
				PRODUCT_BUNDLE_IDENTIFIER = yuki.Musa;
				PRODUCT_NAME = Musa;
				SDKROOT = macosx;
				SWIFT_VERSION = 5.0;
			};
			name = Debug;
		};
		B6AEA39024C5E0B800776B48 /* Release */ = {
			isa = XCBuildConfiguration;
			buildSettings = {
				ASSETCATALOG_COMPILER_APPICON_NAME = AppIcon;
				ASSETCATALOG_COMPILER_GLOBAL_ACCENT_COLOR_NAME = AccentColor;
				CODE_SIGN_ENTITLEMENTS = macOS/macOS.entitlements;
				CODE_SIGN_STYLE = Automatic;
				COMBINE_HIDPI_IMAGES = YES;
				ENABLE_PREVIEWS = YES;
				INFOPLIST_FILE = macOS/Info.plist;
				LD_RUNPATH_SEARCH_PATHS = (
					"$(inherited)",
					"@executable_path/../Frameworks",
				);
				MACOSX_DEPLOYMENT_TARGET = 10.16;
				PRODUCT_BUNDLE_IDENTIFIER = yuki.Musa;
				PRODUCT_NAME = Musa;
				SDKROOT = macosx;
				SWIFT_VERSION = 5.0;
			};
			name = Release;
		};
/* End XCBuildConfiguration section */

/* Begin XCConfigurationList section */
		B6AEA36E24C5E0B700776B48 /* Build configuration list for PBXProject "Musa" */ = {
			isa = XCConfigurationList;
			buildConfigurations = (
				B6AEA38924C5E0B800776B48 /* Debug */,
				B6AEA38A24C5E0B800776B48 /* Release */,
			);
			defaultConfigurationIsVisible = 0;
			defaultConfigurationName = Release;
		};
		B6AEA38B24C5E0B800776B48 /* Build configuration list for PBXNativeTarget "iOS" */ = {
			isa = XCConfigurationList;
			buildConfigurations = (
				B6AEA38C24C5E0B800776B48 /* Debug */,
				B6AEA38D24C5E0B800776B48 /* Release */,
			);
			defaultConfigurationIsVisible = 0;
			defaultConfigurationName = Release;
		};
		B6AEA38E24C5E0B800776B48 /* Build configuration list for PBXNativeTarget "macOS" */ = {
			isa = XCConfigurationList;
			buildConfigurations = (
				B6AEA38F24C5E0B800776B48 /* Debug */,
				B6AEA39024C5E0B800776B48 /* Release */,
			);
			defaultConfigurationIsVisible = 0;
			defaultConfigurationName = Release;
		};
/* End XCConfigurationList section */
	};
	rootObject = B6AEA36B24C5E0B700776B48 /* Project object */;
}
